
Microsoft Visual Studio Solution File, Format Version 12.00
# Visual Studio Version 16
VisualStudioVersion = 16.0.31321.278
MinimumVisualStudioVersion = 10.0.40219.1
Project("{9A19103F-16F7-4668-BE54-9A1E7A4F7556}") = "Product.Filter.Abstractions", "Product.Filter.Abstractions\Product.Filter.Abstractions.csproj", "{6C63D1DE-2E08-4A3B-91D0-BA71D2CDB898}"
EndProject
Project("{9A19103F-16F7-4668-BE54-9A1E7A4F7556}") = "Product.Filter.Service", "Product.Filter.Service\Product.Filter.Service.csproj", "{618EFD5A-7FA0-4732-BC2C-637E24FA81CE}"
EndProject
Project("{9A19103F-16F7-4668-BE54-9A1E7A4F7556}") = "Product.Filter.API", "Product.Filter.API\Product.Filter.API.csproj", "{5A22B511-ADE5-4DF4-92F7-9A0E1FBA402A}"
EndProject
Project("{FAE04EC0-301F-11D3-BF4B-00C04F79EFBC}") = "Product.Filter.Repository", "Product.Filter.Repository\Product.Filter.Repository.csproj", "{0801EF64-E741-4405-98AF-DF0FB9639808}"
EndProject
Project("{FAE04EC0-301F-11D3-BF4B-00C04F79EFBC}") = "Product.Filter.Test", "Product.Filter.Test\Product.Filter.Test.csproj", "{E43E72A3-8110-45BF-B469-8513E1CCCB1C}"
EndProject
Global
	GlobalSection(SolutionConfigurationPlatforms) = preSolution
		Debug|Any CPU = Debug|Any CPU
		Release|Any CPU = Release|Any CPU
	EndGlobalSection
	GlobalSection(ProjectConfigurationPlatforms) = postSolution
		{6C63D1DE-2E08-4A3B-91D0-BA71D2CDB898}.Debug|Any CPU.ActiveCfg = Debug|Any CPU
		{6C63D1DE-2E08-4A3B-91D0-BA71D2CDB898}.Debug|Any CPU.Build.0 = Debug|Any CPU
		{6C63D1DE-2E08-4A3B-91D0-BA71D2CDB898}.Release|Any CPU.ActiveCfg = Release|Any CPU
		{6C63D1DE-2E08-4A3B-91D0-BA71D2CDB898}.Release|Any CPU.Build.0 = Release|Any CPU
		{618EFD5A-7FA0-4732-BC2C-637E24FA81CE}.Debug|Any CPU.ActiveCfg = Debug|Any CPU
		{618EFD5A-7FA0-4732-BC2C-637E24FA81CE}.Debug|Any CPU.Build.0 = Debug|Any CPU
		{618EFD5A-7FA0-4732-BC2C-637E24FA81CE}.Release|Any CPU.ActiveCfg = Release|Any CPU
		{618EFD5A-7FA0-4732-BC2C-637E24FA81CE}.Release|Any CPU.Build.0 = Release|Any CPU
		{5A22B511-ADE5-4DF4-92F7-9A0E1FBA402A}.Debug|Any CPU.ActiveCfg = Debug|Any CPU
		{5A22B511-ADE5-4DF4-92F7-9A0E1FBA402A}.Debug|Any CPU.Build.0 = Debug|Any CPU
		{5A22B511-ADE5-4DF4-92F7-9A0E1FBA402A}.Release|Any CPU.ActiveCfg = Release|Any CPU
		{5A22B511-ADE5-4DF4-92F7-9A0E1FBA402A}.Release|Any CPU.Build.0 = Release|Any CPU
		{0801EF64-E741-4405-98AF-DF0FB9639808}.Debug|Any CPU.ActiveCfg = Debug|Any CPU
		{0801EF64-E741-4405-98AF-DF0FB9639808}.Debug|Any CPU.Build.0 = Debug|Any CPU
		{0801EF64-E741-4405-98AF-DF0FB9639808}.Release|Any CPU.ActiveCfg = Release|Any CPU
		{0801EF64-E741-4405-98AF-DF0FB9639808}.Release|Any CPU.Build.0 = Release|Any CPU
		{E43E72A3-8110-45BF-B469-8513E1CCCB1C}.Debug|Any CPU.ActiveCfg = Debug|Any CPU
		{E43E72A3-8110-45BF-B469-8513E1CCCB1C}.Debug|Any CPU.Build.0 = Debug|Any CPU
		{E43E72A3-8110-45BF-B469-8513E1CCCB1C}.Release|Any CPU.ActiveCfg = Release|Any CPU
		{E43E72A3-8110-45BF-B469-8513E1CCCB1C}.Release|Any CPU.Build.0 = Release|Any CPU
	EndGlobalSection
	GlobalSection(SolutionProperties) = preSolution
		HideSolutionNode = FALSE
	EndGlobalSection
	GlobalSection(ExtensibilityGlobals) = postSolution
		SolutionGuid = {C8099B4B-53A4-406F-B177-611AB63F5FA4}
	EndGlobalSection
EndGlobal
